# This file is generated by running "yarn install" inside your project.
# Manual changes might be lost - proceed with caution!

__metadata:
  version: 6
  cacheKey: 8

"@scarf/scarf@npm:^1.1.1":
  version: 1.1.1
  resolution: "@scarf/scarf@npm:1.1.1"
  checksum: f3205e7a76fed1ec3328643a5f276f4aab5c67d0e17ca0a414755aacae529f4a3492b44607f9ad066470ecb3ee003e72b3d9581f58dc6c507c18180611ff113e
  languageName: node
  linkType: hard

"@types/bn.js@npm:^5.1.0":
  version: 5.1.0
  resolution: "@types/bn.js@npm:5.1.0"
  dependencies:
    "@types/node": "*"
  checksum: 1dc1cbbd7a1e8bf3614752e9602f558762a901031f499f3055828b5e3e2bba16e5b88c27b3c4152ad795248fbe4086c731a5c4b0f29bb243f1875beeeabee59c
  languageName: node
  linkType: hard

"@types/node@npm:*":
  version: 18.0.4
  resolution: "@types/node@npm:18.0.4"
  checksum: 981284fd57941f233f0e77038087c122f56e3c2b4fc4e090dfc7f0a93abfc526d5ccdd59eb3ef551d713245cf3943e37c7b957f12ba699209341a447c39fab59
  languageName: node
  linkType: hard

"@types/prop-types@npm:*":
  version: 15.7.5
  resolution: "@types/prop-types@npm:15.7.5"
  checksum: 5b43b8b15415e1f298243165f1d44390403bb2bd42e662bca3b5b5633fdd39c938e91b7fce3a9483699db0f7a715d08cef220c121f723a634972fdf596aec980
  languageName: node
  linkType: hard

"@types/react@npm:^18.0.15":
  version: 18.0.15
  resolution: "@types/react@npm:18.0.15"
  dependencies:
    "@types/prop-types": "*"
    "@types/scheduler": "*"
    csstype: ^3.0.2
  checksum: e22cc388d1c145aa184787e44dc28db4789976c704cd5db475c170bb76a560eb81def5f346cfe750949bb3d43ad88822b8cbb9f19b1286e3795892a8263e7715
  languageName: node
  linkType: hard

"@types/scheduler@npm:*":
  version: 0.16.2
  resolution: "@types/scheduler@npm:0.16.2"
  checksum: b6b4dcfeae6deba2e06a70941860fb1435730576d3689225a421280b7742318d1548b3d22c1f66ab68e414f346a9542f29240bc955b6332c5b11e561077583bc
  languageName: node
  linkType: hard

"asynckit@npm:^0.4.0":
  version: 0.4.0
  resolution: "asynckit@npm:0.4.0"
  checksum: 7b78c451df768adba04e2d02e63e2d0bf3b07adcd6e42b4cf665cb7ce899bedd344c69a1dcbce355b5f972d597b25aaa1c1742b52cffd9caccb22f348114f6be
  languageName: node
  linkType: hard

"axios@npm:^0.25.0":
  version: 0.25.0
  resolution: "axios@npm:0.25.0"
  dependencies:
    follow-redirects: ^1.14.7
  checksum: 2a8a3787c05f2a0c9c3878f49782357e2a9f38945b93018fb0c4fd788171c43dceefbb577988628e09fea53952744d1ecebde234b561f1e703aa43e0a598a3ad
  languageName: node
  linkType: hard

"axios@npm:^0.27.0":
  version: 0.27.2
  resolution: "axios@npm:0.27.2"
  dependencies:
    follow-redirects: ^1.14.9
    form-data: ^4.0.0
  checksum: 38cb7540465fe8c4102850c4368053c21683af85c5fdf0ea619f9628abbcb59415d1e22ebc8a6390d2bbc9b58a9806c874f139767389c862ec9b772235f06854
  languageName: node
  linkType: hard

"bn.js@npm:4.11.6":
  version: 4.11.6
  resolution: "bn.js@npm:4.11.6"
  checksum: db23047bf06fdf9cf74401c8e76bca9f55313c81df382247d2c753868b368562e69171716b81b7038ada8860af18346fd4bcd1cf9d4963f923fe8e54e61cb58a
  languageName: node
  linkType: hard

"bn.js@npm:5.2.0":
  version: 5.2.0
  resolution: "bn.js@npm:5.2.0"
  checksum: 6117170393200f68b35a061ecbf55d01dd989302e7b3c798a3012354fa638d124f0b2f79e63f77be5556be80322a09c40339eda6413ba7468524c0b6d4b4cb7a
  languageName: node
  linkType: hard

"bn.js@npm:^5.2.0":
  version: 5.2.1
  resolution: "bn.js@npm:5.2.1"
  checksum: 3dd8c8d38055fedfa95c1d5fc3c99f8dd547b36287b37768db0abab3c239711f88ff58d18d155dd8ad902b0b0cee973747b7ae20ea12a09473272b0201c9edd3
  languageName: node
  linkType: hard

"combined-stream@npm:^1.0.8":
  version: 1.0.8
  resolution: "combined-stream@npm:1.0.8"
  dependencies:
    delayed-stream: ~1.0.0
  checksum: 49fa4aeb4916567e33ea81d088f6584749fc90c7abec76fd516bf1c5aa5c79f3584b5ba3de6b86d26ddd64bae5329c4c7479343250cfe71c75bb366eae53bb7c
  languageName: node
  linkType: hard

"csstype@npm:^3.0.2":
  version: 3.1.0
  resolution: "csstype@npm:3.1.0"
  checksum: 644e986cefab86525f0b674a06889cfdbb1f117e5b7d1ce0fc55b0423ecc58807a1ea42ecc75c4f18999d14fc42d1d255f84662a45003a52bb5840e977eb2ffd
  languageName: node
  linkType: hard

"dataloader@npm:^2.0.0":
  version: 2.1.0
  resolution: "dataloader@npm:2.1.0"
  checksum: bbd43496c41697766f8611f60ed3bae437b450985499140b9603a2447c10d45975d3a0661caaebaa9750bc1bc9fd154676a314423294916c8b8ca1a59a08d139
  languageName: node
  linkType: hard

"delayed-stream@npm:~1.0.0":
  version: 1.0.0
  resolution: "delayed-stream@npm:1.0.0"
  checksum: 46fe6e83e2cb1d85ba50bd52803c68be9bd953282fa7096f51fc29edd5d67ff84ff753c51966061e5ba7cb5e47ef6d36a91924eddb7f3f3483b1c560f77a0020
  languageName: node
  linkType: hard

"ethjs-unit@npm:0.1.6":
  version: 0.1.6
  resolution: "ethjs-unit@npm:0.1.6"
  dependencies:
    bn.js: 4.11.6
    number-to-bn: 1.7.0
  checksum: df6b4752ff7461a59a20219f4b1684c631ea601241c39660e3f6c6bd63c950189723841c22b3c6c0ebeb3c9fc99e0e803e3c613101206132603705fcbcf4def5
  languageName: node
  linkType: hard

"follow-redirects@npm:^1.14.7, follow-redirects@npm:^1.14.9":
  version: 1.15.1
  resolution: "follow-redirects@npm:1.15.1"
  peerDependenciesMeta:
    debug:
      optional: true
  checksum: 6aa4e3e3cdfa3b9314801a1cd192ba756a53479d9d8cca65bf4db3a3e8834e62139245cd2f9566147c8dfe2efff1700d3e6aefd103de4004a7b99985e71dd533
  languageName: node
  linkType: hard

"form-data@npm:^4.0.0":
  version: 4.0.0
  resolution: "form-data@npm:4.0.0"
  dependencies:
    asynckit: ^0.4.0
    combined-stream: ^1.0.8
    mime-types: ^2.1.12
  checksum: 01135bf8675f9d5c61ff18e2e2932f719ca4de964e3be90ef4c36aacfc7b9cb2fceb5eca0b7e0190e3383fe51c5b37f4cb80b62ca06a99aaabfcfd6ac7c9328c
  languageName: node
  linkType: hard

"fp-ts@npm:^2.11.1, fp-ts@npm:^2.12.0":
  version: 2.12.1
  resolution: "fp-ts@npm:2.12.1"
  checksum: 1e20e6b468191640a5f83cd52ccbfb361d27a6afbc47230870e63094b569cd9ae8763d0b9dee50eaed568bce8dd72e32ad1d695161bda8ec73e0296a02359832
  languageName: node
  linkType: hard

"io-ts-reporters@npm:^2.0.0":
  version: 2.0.1
  resolution: "io-ts-reporters@npm:2.0.1"
  dependencies:
    "@scarf/scarf": ^1.1.1
  peerDependencies:
    fp-ts: ^2.10.5
    io-ts: ^2.2.16
  checksum: d3ffd603249417475771c3c29be8b3455d82010bf2f53b7e0fc8974c4864d0ff5366bcc58a0e0e6a3016f0ffa98c1acc8f42ef19d25d3ca89652574200d57193
  languageName: node
  linkType: hard

"io-ts@npm:^2.2.16":
  version: 2.2.16
  resolution: "io-ts@npm:2.2.16"
  peerDependencies:
    fp-ts: ^2.5.0
  checksum: 1b5855682e413cc92cfb5c51d0bdb24c99e407ab4e67821a53078f5d8dedbc387840c5b240cb19dd5d542bbdd2e2317ece17674a674f3de561ca0f00ae765bba
  languageName: node
  linkType: hard

"is-hex-prefixed@npm:1.0.0":
  version: 1.0.0
  resolution: "is-hex-prefixed@npm:1.0.0"
  checksum: 5ac58e6e528fb029cc43140f6eeb380fad23d0041cc23154b87f7c9a1b728bcf05909974e47248fd0b7fcc11ba33cf7e58d64804883056fabd23e2b898be41de
  languageName: node
  linkType: hard

"jssha@npm:3.2.0":
  version: 3.2.0
  resolution: "jssha@npm:3.2.0"
  checksum: 2adb8a9a57a79360379e843c0548e240d072c2ef12aef39ef6a784315686bd6f65501e9353fdd2f3a604f64af07e7eab04a0ed92b221cdfea97d671d7b8e14f4
  languageName: node
  linkType: hard

"mime-db@npm:1.52.0":
  version: 1.52.0
  resolution: "mime-db@npm:1.52.0"
  checksum: 0d99a03585f8b39d68182803b12ac601d9c01abfa28ec56204fa330bc9f3d1c5e14beb049bafadb3dbdf646dfb94b87e24d4ec7b31b7279ef906a8ea9b6a513f
  languageName: node
  linkType: hard

"mime-types@npm:^2.1.12":
  version: 2.1.35
  resolution: "mime-types@npm:2.1.35"
  dependencies:
    mime-db: 1.52.0
  checksum: 89a5b7f1def9f3af5dad6496c5ed50191ae4331cc5389d7c521c8ad28d5fdad2d06fd81baf38fed813dc4e46bb55c8145bb0ff406330818c9cf712fb2e9b3836
  languageName: node
  linkType: hard

"number-to-bn@npm:1.7.0":
  version: 1.7.0
  resolution: "number-to-bn@npm:1.7.0"
  dependencies:
    bn.js: 4.11.6
    strip-hex-prefix: 1.0.0
  checksum: 5b8c9dbe7b49dc7a069e5f0ba4e197257c89db11463478cb002fee7a34dc8868636952bd9f6310e5fdf22b266e0e6dffb5f9537c741734718107e90ae59b3de4
  languageName: node
  linkType: hard

"react-ton-x@workspace:.":
  version: 0.0.0-use.local
  resolution: "react-ton-x@workspace:."
  dependencies:
    "@types/react": ^18.0.15
    ton-x: ^2.0.0
    typescript: ^4.7.4
  peerDependencies:
    react: ^18.2.0
  languageName: unknown
  linkType: soft

"strip-hex-prefix@npm:1.0.0":
  version: 1.0.0
  resolution: "strip-hex-prefix@npm:1.0.0"
  dependencies:
    is-hex-prefixed: 1.0.0
  checksum: 4cafe7caee1d281d3694d14920fd5d3c11adf09371cef7e2ccedd5b83efd9e9bd2219b5d6ce6e809df6e0f437dc9d30db1192116580875698aad164a6d6b285b
  languageName: node
  linkType: hard

"symbol.inspect@npm:1.0.1":
  version: 1.0.1
  resolution: "symbol.inspect@npm:1.0.1"
  checksum: 47fa8d38d0bc5d04c06df2f71bba1a723ee0e015ca042c47b29c11f107877dd1a2e2d2154c9ef5eec11e92e4165d126c844f06d05da80e477581c8f284f05fdf
  languageName: node
  linkType: hard

"teslabot@npm:^1.3.0, teslabot@npm:^1.5.0":
  version: 1.5.0
  resolution: "teslabot@npm:1.5.0"
  checksum: 1494f83b9070f3d0882c7ce089a69ea46f0f30ee24c14036880ed5f49882cd80ff47f1c5543c9c973d250596896640130c16b221e84be296474a02f65e7187d0
  languageName: node
  linkType: hard

"ton-crypto-primitives@npm:2.0.0":
  version: 2.0.0
  resolution: "ton-crypto-primitives@npm:2.0.0"
  dependencies:
    jssha: 3.2.0
  checksum: a81e5e7f1e44a2f32c519d6a9c3512c047b837be2f90a4e5aa226378b330ec6f9d36c1937a21b947eb792ae819c6906cfbd5b5eeab891f9df486d570141fc749
  languageName: node
  linkType: hard

"ton-crypto@npm:2.1.0":
  version: 2.1.0
  resolution: "ton-crypto@npm:2.1.0"
  dependencies:
    jssha: 3.2.0
    ton-crypto-primitives: 2.0.0
    tweetnacl: 1.0.3
  checksum: 360c7dcd4692b802cc5a6a9bd1d7efde58f3f3adf0a3dbba3495f525998d2273efbedc28606ec7fbcbb0d16a73480541a4b810b461a228d0e72b3e4d0f406f1a
  languageName: node
  linkType: hard

"ton-crypto@npm:^3.0.0":
  version: 3.2.0
  resolution: "ton-crypto@npm:3.2.0"
  dependencies:
    jssha: 3.2.0
    ton-crypto-primitives: 2.0.0
    tweetnacl: 1.0.3
  checksum: 5c4b077ce36f6d6583c6fee91be45ba88024cfb17927d2da8fce355f226dba559ba5dc91ee508b205c537d6dd6a34bfea17a26c2656ef80bd72f64d1a2604c45
  languageName: node
  linkType: hard

"ton-x@npm:^2.0.0":
  version: 2.0.0
  resolution: "ton-x@npm:2.0.0"
  dependencies:
    "@types/bn.js": ^5.1.0
    axios: ^0.27.0
    bn.js: ^5.2.0
    fp-ts: ^2.12.0
    io-ts: ^2.2.16
    teslabot: ^1.5.0
    ton: 9.8.0
    ton-crypto: ^3.0.0
  checksum: 247794b37ca78751c23f8ab69c4797527dbd900f2c81d19e2ba83ccad4d22cd93fbcefa56f87f9813759bc1ed40f17af7bca7a6e4e0f7225e82ff195e996decc
  languageName: node
  linkType: hard

"ton@npm:9.8.0":
  version: 9.8.0
  resolution: "ton@npm:9.8.0"
  dependencies:
    axios: ^0.25.0
    bn.js: 5.2.0
    dataloader: ^2.0.0
    ethjs-unit: 0.1.6
    fp-ts: ^2.11.1
    io-ts: ^2.2.16
    io-ts-reporters: ^2.0.0
    symbol.inspect: 1.0.1
    teslabot: ^1.3.0
    ton-crypto: 2.1.0
    tweetnacl: 1.0.3
  checksum: 6427f8446e8d4b78e27bebe42417a4352a08bf9c8d8a1998ce67f51b2c30786a07f88264d7026fd72030085ecd305c8cf873d0603102a8268f4dd85bb721a392
  languageName: node
  linkType: hard

"tweetnacl@npm:1.0.3":
  version: 1.0.3
  resolution: "tweetnacl@npm:1.0.3"
  checksum: e4a57cac188f0c53f24c7a33279e223618a2bfb5fea426231991652a13247bea06b081fd745d71291fcae0f4428d29beba1b984b1f1ce6f66b06a6d1ab90645c
  languageName: node
  linkType: hard

"typescript@npm:^4.7.4":
  version: 4.7.4
  resolution: "typescript@npm:4.7.4"
  bin:
    tsc: bin/tsc
    tsserver: bin/tsserver
  checksum: 5750181b1cd7e6482c4195825547e70f944114fb47e58e4aa7553e62f11b3f3173766aef9c281783edfd881f7b8299cf35e3ca8caebe73d8464528c907a164df
  languageName: node
  linkType: hard

"typescript@patch:typescript@^4.7.4#~builtin<compat/typescript>":
  version: 4.7.4
  resolution: "typescript@patch:typescript@npm%3A4.7.4#~builtin<compat/typescript>::version=4.7.4&hash=f456af"
  bin:
    tsc: bin/tsc
    tsserver: bin/tsserver
  checksum: 9096d8f6c16cb80ef3bf96fcbbd055bf1c4a43bd14f3b7be45a9fbe7ada46ec977f604d5feed3263b4f2aa7d4c7477ce5f9cd87de0d6feedec69a983f3a4f93e
  languageName: node
  linkType: hard
